
Microsoft Visual Studio Solution File, Format Version 12.00
# Visual Studio Version 16
VisualStudioVersion = 16.0.29728.190
MinimumVisualStudioVersion = 10.0.40219.1
Project("{9A19103F-16F7-4668-BE54-9A1E7A4F7556}") = "ParallelOps", "ParallelOps\ParallelOps.csproj", "{6B500178-6C1F-49E1-B164-A77571B475CF}"
EndProject
Project("{9A19103F-16F7-4668-BE54-9A1E7A4F7556}") = "ParallelUnitTest", "ParallelUnitTest\ParallelUnitTest.csproj", "{5C1374C7-2CD1-4749-B48A-2CACC6FF3FEF}"
EndProject
Project("{FAE04EC0-301F-11D3-BF4B-00C04F79EFBC}") = "TaskConsole", "TaskConsole\TaskConsole.csproj", "{2684EDDE-0458-42B5-BC04-19A0C3548AA9}"
EndProject
Global
	GlobalSection(SolutionConfigurationPlatforms) = preSolution
		Debug|Any CPU = Debug|Any CPU
		Release|Any CPU = Release|Any CPU
	EndGlobalSection
	GlobalSection(ProjectConfigurationPlatforms) = postSolution
		{6B500178-6C1F-49E1-B164-A77571B475CF}.Debug|Any CPU.ActiveCfg = Debug|Any CPU
		{6B500178-6C1F-49E1-B164-A77571B475CF}.Debug|Any CPU.Build.0 = Debug|Any CPU
		{6B500178-6C1F-49E1-B164-A77571B475CF}.Release|Any CPU.ActiveCfg = Release|Any CPU
		{6B500178-6C1F-49E1-B164-A77571B475CF}.Release|Any CPU.Build.0 = Release|Any CPU
		{5C1374C7-2CD1-4749-B48A-2CACC6FF3FEF}.Debug|Any CPU.ActiveCfg = Debug|Any CPU
		{5C1374C7-2CD1-4749-B48A-2CACC6FF3FEF}.Debug|Any CPU.Build.0 = Debug|Any CPU
		{5C1374C7-2CD1-4749-B48A-2CACC6FF3FEF}.Release|Any CPU.ActiveCfg = Release|Any CPU
		{5C1374C7-2CD1-4749-B48A-2CACC6FF3FEF}.Release|Any CPU.Build.0 = Release|Any CPU
		{2684EDDE-0458-42B5-BC04-19A0C3548AA9}.Debug|Any CPU.ActiveCfg = Debug|Any CPU
		{2684EDDE-0458-42B5-BC04-19A0C3548AA9}.Debug|Any CPU.Build.0 = Debug|Any CPU
		{2684EDDE-0458-42B5-BC04-19A0C3548AA9}.Release|Any CPU.ActiveCfg = Release|Any CPU
		{2684EDDE-0458-42B5-BC04-19A0C3548AA9}.Release|Any CPU.Build.0 = Release|Any CPU
	EndGlobalSection
	GlobalSection(SolutionProperties) = preSolution
		HideSolutionNode = FALSE
	EndGlobalSection
	GlobalSection(ExtensibilityGlobals) = postSolution
		SolutionGuid = {2E73FD8F-16B6-4191-ADBA-CB440FF728B8}
	EndGlobalSection
EndGlobal
